
Microsoft Visual Studio Solution File, Format Version 12.00
# Visual Studio Version 16
VisualStudioVersion = 16.0.30002.166
MinimumVisualStudioVersion = 10.0.40219.1
Project("{FAE04EC0-301F-11D3-BF4B-00C04F79EFBC}") = "Serialization", "Serialization\Serialization.csproj", "{A0A617CE-4691-47CC-93AD-96211357D250}"
EndProject
Project("{FAE04EC0-301F-11D3-BF4B-00C04F79EFBC}") = "SerializationTests", "SerializationTests\SerializationTests.csproj", "{CDF17D7A-11EF-4C1D-887F-6D29FE416AD4}"
EndProject
Global
	GlobalSection(SolutionConfigurationPlatforms) = preSolution
		Debug|Any CPU = Debug|Any CPU
		Release|Any CPU = Release|Any CPU
	EndGlobalSection
	GlobalSection(ProjectConfigurationPlatforms) = postSolution
		{A0A617CE-4691-47CC-93AD-96211357D250}.Debug|Any CPU.ActiveCfg = Debug|Any CPU
		{A0A617CE-4691-47CC-93AD-96211357D250}.Debug|Any CPU.Build.0 = Debug|Any CPU
		{A0A617CE-4691-47CC-93AD-96211357D250}.Release|Any CPU.ActiveCfg = Release|Any CPU
		{A0A617CE-4691-47CC-93AD-96211357D250}.Release|Any CPU.Build.0 = Release|Any CPU
		{CDF17D7A-11EF-4C1D-887F-6D29FE416AD4}.Debug|Any CPU.ActiveCfg = Debug|Any CPU
		{CDF17D7A-11EF-4C1D-887F-6D29FE416AD4}.Debug|Any CPU.Build.0 = Debug|Any CPU
		{CDF17D7A-11EF-4C1D-887F-6D29FE416AD4}.Release|Any CPU.ActiveCfg = Release|Any CPU
		{CDF17D7A-11EF-4C1D-887F-6D29FE416AD4}.Release|Any CPU.Build.0 = Release|Any CPU
	EndGlobalSection
	GlobalSection(SolutionProperties) = preSolution
		HideSolutionNode = FALSE
	EndGlobalSection
	GlobalSection(ExtensibilityGlobals) = postSolution
		SolutionGuid = {85DE7F62-D28A-40E8-A237-B20899A483CF}
	EndGlobalSection
EndGlobal
